
Microsoft Visual Studio Solution File, Format Version 12.00
# Visual Studio 15
VisualStudioVersion = 15.0.28010.2046
MinimumVisualStudioVersion = 10.0.40219.1
Project("{FAE04EC0-301F-11D3-BF4B-00C04F79EFBC}") = "Mirle.Agv.UserControls", "Mirle.Agv.UserControls\Mirle.Agv.UserControls.csproj", "{63EE60A7-033B-41EF-8F3E-0F973D27960D}"
EndProject
Global
	GlobalSection(SolutionConfigurationPlatforms) = preSolution
		Debug|Any CPU = Debug|Any CPU
		Release|Any CPU = Release|Any CPU
	EndGlobalSection
	GlobalSection(ProjectConfigurationPlatforms) = postSolution
		{63EE60A7-033B-41EF-8F3E-0F973D27960D}.Debug|Any CPU.ActiveCfg = Debug|Any CPU
		{63EE60A7-033B-41EF-8F3E-0F973D27960D}.Debug|Any CPU.Build.0 = Debug|Any CPU
		{63EE60A7-033B-41EF-8F3E-0F973D27960D}.Release|Any CPU.ActiveCfg = Release|Any CPU
		{63EE60A7-033B-41EF-8F3E-0F973D27960D}.Release|Any CPU.Build.0 = Release|Any CPU
	EndGlobalSection
	GlobalSection(SolutionProperties) = preSolution
		HideSolutionNode = FALSE
	EndGlobalSection
	GlobalSection(ExtensibilityGlobals) = postSolution
		SolutionGuid = {B4F2C63B-252A-49D3-ADC8-A0E9FB44B850}
	EndGlobalSection
EndGlobal
